
Microsoft Visual Studio Solution File, Format Version 12.00
# Visual Studio Version 17
VisualStudioVersion = 17.11.35327.3
MinimumVisualStudioVersion = 10.0.40219.1
Project("{FAE04EC0-301F-11D3-BF4B-00C04F79EFBC}") = "P2tests", "P2tests\P2tests.csproj", "{3DB8FE3B-A7A3-4AE2-8F0D-2005C835DEDC}"
EndProject
Global
	GlobalSection(SolutionConfigurationPlatforms) = preSolution
		Debug|Any CPU = Debug|Any CPU
		Release|Any CPU = Release|Any CPU
	EndGlobalSection
	GlobalSection(ProjectConfigurationPlatforms) = postSolution
		{3DB8FE3B-A7A3-4AE2-8F0D-2005C835DEDC}.Debug|Any CPU.ActiveCfg = Debug|Any CPU
		{3DB8FE3B-A7A3-4AE2-8F0D-2005C835DEDC}.Debug|Any CPU.Build.0 = Debug|Any CPU
		{3DB8FE3B-A7A3-4AE2-8F0D-2005C835DEDC}.Release|Any CPU.ActiveCfg = Release|Any CPU
		{3DB8FE3B-A7A3-4AE2-8F0D-2005C835DEDC}.Release|Any CPU.Build.0 = Release|Any CPU
	EndGlobalSection
	GlobalSection(SolutionProperties) = preSolution
		HideSolutionNode = FALSE
	EndGlobalSection
	GlobalSection(ExtensibilityGlobals) = postSolution
		SolutionGuid = {DB3754C3-3AE4-4566-A419-30110B20BA85}
	EndGlobalSection
EndGlobal
